
Microsoft Visual Studio Solution File, Format Version 12.00
# Visual Studio Version 16
VisualStudioVersion = 16.0.30114.105
MinimumVisualStudioVersion = 10.0.40219.1
Project("{9A19103F-16F7-4668-BE54-9A1E7A4F7556}") = "bar", "bar\bar.csproj", "{9B5A0873-9155-476D-BD34-5635B1877BA5}"
EndProject
Project("{9A19103F-16F7-4668-BE54-9A1E7A4F7556}") = "foo", "foo\foo.csproj", "{A8FB2F01-5DD0-4A20-A65A-D3D79F5EFB45}"
EndProject
Project("{9A19103F-16F7-4668-BE54-9A1E7A4F7556}") = "hoge", "hoge\hoge.csproj", "{FADE161D-77A1-42CD-A451-CFEE6131C1D9}"
EndProject
Global
	GlobalSection(SolutionConfigurationPlatforms) = preSolution
		Debug|Any CPU = Debug|Any CPU
		Release|Any CPU = Release|Any CPU
	EndGlobalSection
	GlobalSection(ProjectConfigurationPlatforms) = postSolution
		{9B5A0873-9155-476D-BD34-5635B1877BA5}.Debug|Any CPU.ActiveCfg = Debug|Any CPU
		{9B5A0873-9155-476D-BD34-5635B1877BA5}.Debug|Any CPU.Build.0 = Debug|Any CPU
		{9B5A0873-9155-476D-BD34-5635B1877BA5}.Release|Any CPU.ActiveCfg = Release|Any CPU
		{9B5A0873-9155-476D-BD34-5635B1877BA5}.Release|Any CPU.Build.0 = Release|Any CPU
		{A8FB2F01-5DD0-4A20-A65A-D3D79F5EFB45}.Debug|Any CPU.ActiveCfg = Debug|Any CPU
		{A8FB2F01-5DD0-4A20-A65A-D3D79F5EFB45}.Debug|Any CPU.Build.0 = Debug|Any CPU
		{A8FB2F01-5DD0-4A20-A65A-D3D79F5EFB45}.Release|Any CPU.ActiveCfg = Release|Any CPU
		{A8FB2F01-5DD0-4A20-A65A-D3D79F5EFB45}.Release|Any CPU.Build.0 = Release|Any CPU
		{FADE161D-77A1-42CD-A451-CFEE6131C1D9}.Debug|Any CPU.ActiveCfg = Debug|Any CPU
		{FADE161D-77A1-42CD-A451-CFEE6131C1D9}.Debug|Any CPU.Build.0 = Debug|Any CPU
		{FADE161D-77A1-42CD-A451-CFEE6131C1D9}.Release|Any CPU.ActiveCfg = Release|Any CPU
		{FADE161D-77A1-42CD-A451-CFEE6131C1D9}.Release|Any CPU.Build.0 = Release|Any CPU
	EndGlobalSection
	GlobalSection(SolutionProperties) = preSolution
		HideSolutionNode = FALSE
	EndGlobalSection
	GlobalSection(ExtensibilityGlobals) = postSolution
		SolutionGuid = {BAD128CD-350D-4AC2-BD8D-7149AA794E1F}
	EndGlobalSection
EndGlobal
